// !$*UTF8*$!
{
	archiveVersion = 1;
	classes = {
	};
	objectVersion = 50;
	objects = {

/* Begin PBXBuildFile section */
		AA97F9A920BE49C6002DEB66 /* AppDelegate.m in Sources */ = {isa = PBXBuildFile; fileRef = AA97F9A820BE49C6002DEB66 /* AppDelegate.m */; };
		AA97F9AC20BE49C6002DEB66 /* ViewController.m in Sources */ = {isa = PBXBuildFile; fileRef = AA97F9AB20BE49C6002DEB66 /* ViewController.m */; };
		AA97F9AF20BE49C6002DEB66 /* Main.storyboard in Resources */ = {isa = PBXBuildFile; fileRef = AA97F9AD20BE49C6002DEB66 /* Main.storyboard */; };
		AA97F9B120BE49C9002DEB66 /* Assets.xcassets in Resources */ = {isa = PBXBuildFile; fileRef = AA97F9B020BE49C9002DEB66 /* Assets.xcassets */; };
		AA97F9B420BE49C9002DEB66 /* LaunchScreen.storyboard in Resources */ = {isa = PBXBuildFile; fileRef = AA97F9B220BE49C9002DEB66 /* LaunchScreen.storyboard */; };
		AA97F9B720BE49C9002DEB66 /* main.m in Sources */ = {isa = PBXBuildFile; fileRef = AA97F9B620BE49C9002DEB66 /* main.m */; };
		AA97F9BF20BE4A7C002DEB66 /* OpenGLView.mm in Sources */ = {isa = PBXBuildFile; fileRef = AA97F9BE20BE4A7C002DEB66 /* OpenGLView.mm */; };
		AA97F9CE20BE4AA4002DEB66 /* FragmentShader.glsl in Resources */ = {isa = PBXBuildFile; fileRef = AA97F9C120BE4AA4002DEB66 /* FragmentShader.glsl */; };
		AA97F9CF20BE4AA4002DEB66 /* VertexShader.glsl in Resources */ = {isa = PBXBuildFile; fileRef = AA97F9C220BE4AA4002DEB66 /* VertexShader.glsl */; };
		AA97F9D020BE4AA4002DEB66 /* ParametricSurface.cpp in Sources */ = {isa = PBXBuildFile; fileRef = AA97F9C420BE4AA4002DEB66 /* ParametricSurface.cpp */; };
		AA97F9D120BE4AA4002DEB66 /* GLESUtils.m in Sources */ = {isa = PBXBuildFile; fileRef = AA97F9C820BE4AA4002DEB66 /* GLESUtils.m */; };
		AA97F9D220BE4AA4002DEB66 /* GLESMath.c in Sources */ = {isa = PBXBuildFile; fileRef = AA97F9CA20BE4AA4002DEB66 /* GLESMath.c */; };
		AA97F9D720BE58AD002DEB66 /* PerPixelVertex.glsl in Resources */ = {isa = PBXBuildFile; fileRef = AA97F9D320BE58AD002DEB66 /* PerPixelVertex.glsl */; };
		AA97F9D820BE58AD002DEB66 /* PerPixelToonFragment.glsl in Resources */ = {isa = PBXBuildFile; fileRef = AA97F9D420BE58AD002DEB66 /* PerPixelToonFragment.glsl */; };
		AA97F9D920BE58AD002DEB66 /* PerPixelSelfShadowing.glsl in Resources */ = {isa = PBXBuildFile; fileRef = AA97F9D520BE58AD002DEB66 /* PerPixelSelfShadowing.glsl */; };
		AA97F9DA20BE58AD002DEB66 /* PerPixelFragment.glsl in Resources */ = {isa = PBXBuildFile; fileRef = AA97F9D620BE58AD002DEB66 /* PerPixelFragment.glsl */; };
/* End PBXBuildFile section */

/* Begin PBXFileReference section */
		AA97F9A420BE49C6002DEB66 /* Tutorial08.app */ = {isa = PBXFileReference; explicitFileType = wrapper.application; includeInIndex = 0; path = Tutorial08.app; sourceTree = BUILT_PRODUCTS_DIR; };
		AA97F9A720BE49C6002DEB66 /* AppDelegate.h */ = {isa = PBXFileReference; lastKnownFileType = sourcecode.c.h; path = AppDelegate.h; sourceTree = "<group>"; };
		AA97F9A820BE49C6002DEB66 /* AppDelegate.m */ = {isa = PBXFileReference; lastKnownFileType = sourcecode.c.objc; path = AppDelegate.m; sourceTree = "<group>"; };
		AA97F9AA20BE49C6002DEB66 /* ViewController.h */ = {isa = PBXFileReference; lastKnownFileType = sourcecode.c.h; path = ViewController.h; sourceTree = "<group>"; };
		AA97F9AB20BE49C6002DEB66 /* ViewController.m */ = {isa = PBXFileReference; lastKnownFileType = sourcecode.c.objc; path = ViewController.m; sourceTree = "<group>"; };
		AA97F9AE20BE49C6002DEB66 /* Base */ = {isa = PBXFileReference; lastKnownFileType = file.storyboard; name = Base; path = Base.lproj/Main.storyboard; sourceTree = "<group>"; };
		AA97F9B020BE49C9002DEB66 /* Assets.xcassets */ = {isa = PBXFileReference; lastKnownFileType = folder.assetcatalog; path = Assets.xcassets; sourceTree = "<group>"; };
		AA97F9B320BE49C9002DEB66 /* Base */ = {isa = PBXFileReference; lastKnownFileType = file.storyboard; name = Base; path = Base.lproj/LaunchScreen.storyboard; sourceTree = "<group>"; };
		AA97F9B520BE49C9002DEB66 /* Info.plist */ = {isa = PBXFileReference; lastKnownFileType = text.plist.xml; path = Info.plist; sourceTree = "<group>"; };
		AA97F9B620BE49C9002DEB66 /* main.m */ = {isa = PBXFileReference; lastKnownFileType = sourcecode.c.objc; path = main.m; sourceTree = "<group>"; };
		AA97F9BD20BE4A7C002DEB66 /* OpenGLView.h */ = {isa = PBXFileReference; fileEncoding = 4; lastKnownFileType = sourcecode.c.h; path = OpenGLView.h; sourceTree = "<group>"; };
		AA97F9BE20BE4A7C002DEB66 /* OpenGLView.mm */ = {isa = PBXFileReference; fileEncoding = 4; lastKnownFileType = sourcecode.cpp.objcpp; path = OpenGLView.mm; sourceTree = "<group>"; };
		AA97F9C120BE4AA4002DEB66 /* FragmentShader.glsl */ = {isa = PBXFileReference; fileEncoding = 4; lastKnownFileType = text; path = FragmentShader.glsl; sourceTree = "<group>"; };
		AA97F9C220BE4AA4002DEB66 /* VertexShader.glsl */ = {isa = PBXFileReference; fileEncoding = 4; lastKnownFileType = text; path = VertexShader.glsl; sourceTree = "<group>"; };
		AA97F9C420BE4AA4002DEB66 /* ParametricSurface.cpp */ = {isa = PBXFileReference; fileEncoding = 4; lastKnownFileType = sourcecode.cpp.cpp; path = ParametricSurface.cpp; sourceTree = "<group>"; };
		AA97F9C520BE4AA4002DEB66 /* ParametricSurface.h */ = {isa = PBXFileReference; fileEncoding = 4; lastKnownFileType = sourcecode.c.h; path = ParametricSurface.h; sourceTree = "<group>"; };
		AA97F9C620BE4AA4002DEB66 /* ParametricEquations.h */ = {isa = PBXFileReference; fileEncoding = 4; lastKnownFileType = sourcecode.c.h; path = ParametricEquations.h; sourceTree = "<group>"; };
		AA97F9C820BE4AA4002DEB66 /* GLESUtils.m */ = {isa = PBXFileReference; fileEncoding = 4; lastKnownFileType = sourcecode.c.objc; path = GLESUtils.m; sourceTree = "<group>"; };
		AA97F9C920BE4AA4002DEB66 /* Quaternion.h */ = {isa = PBXFileReference; fileEncoding = 4; lastKnownFileType = sourcecode.c.h; path = Quaternion.h; sourceTree = "<group>"; };
		AA97F9CA20BE4AA4002DEB66 /* GLESMath.c */ = {isa = PBXFileReference; fileEncoding = 4; lastKnownFileType = sourcecode.c.c; path = GLESMath.c; sourceTree = "<group>"; };
		AA97F9CB20BE4AA4002DEB66 /* GLESUtils.h */ = {isa = PBXFileReference; fileEncoding = 4; lastKnownFileType = sourcecode.c.h; path = GLESUtils.h; sourceTree = "<group>"; };
		AA97F9CC20BE4AA4002DEB66 /* Vector.h */ = {isa = PBXFileReference; fileEncoding = 4; lastKnownFileType = sourcecode.c.h; path = Vector.h; sourceTree = "<group>"; };
		AA97F9CD20BE4AA4002DEB66 /* GLESMath.h */ = {isa = PBXFileReference; fileEncoding = 4; lastKnownFileType = sourcecode.c.h; path = GLESMath.h; sourceTree = "<group>"; };
		AA97F9D320BE58AD002DEB66 /* PerPixelVertex.glsl */ = {isa = PBXFileReference; fileEncoding = 4; lastKnownFileType = text; path = PerPixelVertex.glsl; sourceTree = "<group>"; };
		AA97F9D420BE58AD002DEB66 /* PerPixelToonFragment.glsl */ = {isa = PBXFileReference; fileEncoding = 4; lastKnownFileType = text; path = PerPixelToonFragment.glsl; sourceTree = "<group>"; };
		AA97F9D520BE58AD002DEB66 /* PerPixelSelfShadowing.glsl */ = {isa = PBXFileReference; fileEncoding = 4; lastKnownFileType = text; path = PerPixelSelfShadowing.glsl; sourceTree = "<group>"; };
		AA97F9D620BE58AD002DEB66 /* PerPixelFragment.glsl */ = {isa = PBXFileReference; fileEncoding = 4; lastKnownFileType = text; path = PerPixelFragment.glsl; sourceTree = "<group>"; };
/* End PBXFileReference section */

/* Begin PBXFrameworksBuildPhase section */
		AA97F9A120BE49C6002DEB66 /* Frameworks */ = {
			isa = PBXFrameworksBuildPhase;
			buildActionMask = 2147483647;
			files = (
			);
			runOnlyForDeploymentPostprocessing = 0;
		};
/* End PBXFrameworksBuildPhase section */

/* Begin PBXGroup section */
		AA97F99B20BE49C6002DEB66 = {
			isa = PBXGroup;
			children = (
				AA97F9A620BE49C6002DEB66 /* Tutorial08 */,
				AA97F9A520BE49C6002DEB66 /* Products */,
			);
			sourceTree = "<group>";
		};
		AA97F9A520BE49C6002DEB66 /* Products */ = {
			isa = PBXGroup;
			children = (
				AA97F9A420BE49C6002DEB66 /* Tutorial08.app */,
			);
			name = Products;
			sourceTree = "<group>";
		};
		AA97F9A620BE49C6002DEB66 /* Tutorial08 */ = {
			isa = PBXGroup;
			children = (
				AA97F9A720BE49C6002DEB66 /* AppDelegate.h */,
				AA97F9A820BE49C6002DEB66 /* AppDelegate.m */,
				AA97F9C020BE4AA4002DEB66 /* Shader */,
				AA97F9C320BE4AA4002DEB66 /* surface */,
				AA97F9C720BE4AA4002DEB66 /* Utils */,
				AA97F9BD20BE4A7C002DEB66 /* OpenGLView.h */,
				AA97F9BE20BE4A7C002DEB66 /* OpenGLView.mm */,
				AA97F9AA20BE49C6002DEB66 /* ViewController.h */,
				AA97F9AB20BE49C6002DEB66 /* ViewController.m */,
				AA97F9AD20BE49C6002DEB66 /* Main.storyboard */,
				AA97F9B020BE49C9002DEB66 /* Assets.xcassets */,
				AA97F9B220BE49C9002DEB66 /* LaunchScreen.storyboard */,
				AA97F9B520BE49C9002DEB66 /* Info.plist */,
				AA97F9B620BE49C9002DEB66 /* main.m */,
			);
			path = Tutorial08;
			sourceTree = "<group>";
		};
		AA97F9C020BE4AA4002DEB66 /* Shader */ = {
			isa = PBXGroup;
			children = (
				AA97F9C120BE4AA4002DEB66 /* FragmentShader.glsl */,
				AA97F9C220BE4AA4002DEB66 /* VertexShader.glsl */,
				AA97F9D620BE58AD002DEB66 /* PerPixelFragment.glsl */,
				AA97F9D320BE58AD002DEB66 /* PerPixelVertex.glsl */,
				AA97F9D520BE58AD002DEB66 /* PerPixelSelfShadowing.glsl */,
				AA97F9D420BE58AD002DEB66 /* PerPixelToonFragment.glsl */,
			);
			path = Shader;
			sourceTree = "<group>";
		};
		AA97F9C320BE4AA4002DEB66 /* surface */ = {
			isa = PBXGroup;
			children = (
				AA97F9C420BE4AA4002DEB66 /* ParametricSurface.cpp */,
				AA97F9C520BE4AA4002DEB66 /* ParametricSurface.h */,
				AA97F9C620BE4AA4002DEB66 /* ParametricEquations.h */,
			);
			path = surface;
			sourceTree = "<group>";
		};
		AA97F9C720BE4AA4002DEB66 /* Utils */ = {
			isa = PBXGroup;
			children = (
				AA97F9C820BE4AA4002DEB66 /* GLESUtils.m */,
				AA97F9C920BE4AA4002DEB66 /* Quaternion.h */,
				AA97F9CA20BE4AA4002DEB66 /* GLESMath.c */,
				AA97F9CB20BE4AA4002DEB66 /* GLESUtils.h */,
				AA97F9CC20BE4AA4002DEB66 /* Vector.h */,
				AA97F9CD20BE4AA4002DEB66 /* GLESMath.h */,
			);
			path = Utils;
			sourceTree = "<group>";
		};
/* End PBXGroup section */

/* Begin PBXNativeTarget section */
		AA97F9A320BE49C6002DEB66 /* Tutorial08 */ = {
			isa = PBXNativeTarget;
			buildConfigurationList = AA97F9BA20BE49C9002DEB66 /* Build configuration list for PBXNativeTarget "Tutorial08" */;
			buildPhases = (
				AA97F9A020BE49C6002DEB66 /* Sources */,
				AA97F9A120BE49C6002DEB66 /* Frameworks */,
				AA97F9A220BE49C6002DEB66 /* Resources */,
			);
			buildRules = (
			);
			dependencies = (
			);
			name = Tutorial08;
			productName = Tutorial08;
			productReference = AA97F9A420BE49C6002DEB66 /* Tutorial08.app */;
			productType = "com.apple.product-type.application";
		};
/* End PBXNativeTarget section */

/* Begin PBXProject section */
		AA97F99C20BE49C6002DEB66 /* Project object */ = {
			isa = PBXProject;
			attributes = {
				LastUpgradeCheck = 0930;
				ORGANIZATIONNAME = Gmingyue;
				TargetAttributes = {
					AA97F9A320BE49C6002DEB66 = {
						CreatedOnToolsVersion = 9.3.1;
					};
				};
			};
			buildConfigurationList = AA97F99F20BE49C6002DEB66 /* Build configuration list for PBXProject "Tutorial08" */;
			compatibilityVersion = "Xcode 9.3";
			developmentRegion = en;
			hasScannedForEncodings = 0;
			knownRegions = (
				en,
				Base,
			);
			mainGroup = AA97F99B20BE49C6002DEB66;
			productRefGroup = AA97F9A520BE49C6002DEB66 /* Products */;
			projectDirPath = "";
			projectRoot = "";
			targets = (
				AA97F9A320BE49C6002DEB66 /* Tutorial08 */,
			);
		};
/* End PBXProject section */

/* Begin PBXResourcesBuildPhase section */
		AA97F9A220BE49C6002DEB66 /* Resources */ = {
			isa = PBXResourcesBuildPhase;
			buildActionMask = 2147483647;
			files = (
				AA97F9B420BE49C9002DEB66 /* LaunchScreen.storyboard in Resources */,
				AA97F9D920BE58AD002DEB66 /* PerPixelSelfShadowing.glsl in Resources */,
				AA97F9B120BE49C9002DEB66 /* Assets.xcassets in Resources */,
				AA97F9D720BE58AD002DEB66 /* PerPixelVertex.glsl in Resources */,
				AA97F9CF20BE4AA4002DEB66 /* VertexShader.glsl in Resources */,
				AA97F9CE20BE4AA4002DEB66 /* FragmentShader.glsl in Resources */,
				AA97F9DA20BE58AD002DEB66 /* PerPixelFragment.glsl in Resources */,
				AA97F9AF20BE49C6002DEB66 /* Main.storyboard in Resources */,
				AA97F9D820BE58AD002DEB66 /* PerPixelToonFragment.glsl in Resources */,
			);
			runOnlyForDeploymentPostprocessing = 0;
		};
/* End PBXResourcesBuildPhase section */

/* Begin PBXSourcesBuildPhase section */
		AA97F9A020BE49C6002DEB66 /* Sources */ = {
			isa = PBXSourcesBuildPhase;
			buildActionMask = 2147483647;
			files = (
				AA97F9AC20BE49C6002DEB66 /* ViewController.m in Sources */,
				AA97F9BF20BE4A7C002DEB66 /* OpenGLView.mm in Sources */,
				AA97F9D220BE4AA4002DEB66 /* GLESMath.c in Sources */,
				AA97F9D020BE4AA4002DEB66 /* ParametricSurface.cpp in Sources */,
				AA97F9B720BE49C9002DEB66 /* main.m in Sources */,
				AA97F9D120BE4AA4002DEB66 /* GLESUtils.m in Sources */,
				AA97F9A920BE49C6002DEB66 /* AppDelegate.m in Sources */,
			);
			runOnlyForDeploymentPostprocessing = 0;
		};
/* End PBXSourcesBuildPhase section */

/* Begin PBXVariantGroup section */
		AA97F9AD20BE49C6002DEB66 /* Main.storyboard */ = {
			isa = PBXVariantGroup;
			children = (
				AA97F9AE20BE49C6002DEB66 /* Base */,
			);
			name = Main.storyboard;
			sourceTree = "<group>";
		};
		AA97F9B220BE49C9002DEB66 /* LaunchScreen.storyboard */ = {
			isa = PBXVariantGroup;
			children = (
				AA97F9B320BE49C9002DEB66 /* Base */,
			);
			name = LaunchScreen.storyboard;
			sourceTree = "<group>";
		};
/* End PBXVariantGroup section */

/* Begin XCBuildConfiguration section */
		AA97F9B820BE49C9002DEB66 /* Debug */ = {
			isa = XCBuildConfiguration;
			buildSettings = {
				ALWAYS_SEARCH_USER_PATHS = NO;
				CLANG_ANALYZER_NONNULL = YES;
				CLANG_ANALYZER_NUMBER_OBJECT_CONVERSION = YES_AGGRESSIVE;
				CLANG_CXX_LANGUAGE_STANDARD = "gnu++14";
				CLANG_CXX_LIBRARY = "libc++";
				CLANG_ENABLE_MODULES = YES;
				CLANG_ENABLE_OBJC_ARC = YES;
				CLANG_ENABLE_OBJC_WEAK = YES;
				CLANG_WARN_BLOCK_CAPTURE_AUTORELEASING = YES;
				CLANG_WARN_BOOL_CONVERSION = YES;
				CLANG_WARN_COMMA = YES;
				CLANG_WARN_CONSTANT_CONVERSION = YES;
				CLANG_WARN_DEPRECATED_OBJC_IMPLEMENTATIONS = YES;
				CLANG_WARN_DIRECT_OBJC_ISA_USAGE = YES_ERROR;
				CLANG_WARN_DOCUMENTATION_COMMENTS = YES;
				CLANG_WARN_EMPTY_BODY = YES;
				CLANG_WARN_ENUM_CONVERSION = YES;
				CLANG_WARN_INFINITE_RECURSION = YES;
				CLANG_WARN_INT_CONVERSION = YES;
				CLANG_WARN_NON_LITERAL_NULL_CONVERSION = YES;
				CLANG_WARN_OBJC_IMPLICIT_RETAIN_SELF = YES;
				CLANG_WARN_OBJC_LITERAL_CONVERSION = YES;
				CLANG_WARN_OBJC_ROOT_CLASS = YES_ERROR;
				CLANG_WARN_RANGE_LOOP_ANALYSIS = YES;
				CLANG_WARN_STRICT_PROTOTYPES = YES;
				CLANG_WARN_SUSPICIOUS_MOVE = YES;
				CLANG_WARN_UNGUARDED_AVAILABILITY = YES_AGGRESSIVE;
				CLANG_WARN_UNREACHABLE_CODE = YES;
				CLANG_WARN__DUPLICATE_METHOD_MATCH = YES;
				CODE_SIGN_IDENTITY = "iPhone Developer";
				COPY_PHASE_STRIP = NO;
				DEBUG_INFORMATION_FORMAT = dwarf;
				ENABLE_STRICT_OBJC_MSGSEND = YES;
				ENABLE_TESTABILITY = YES;
				GCC_C_LANGUAGE_STANDARD = gnu11;
				GCC_DYNAMIC_NO_PIC = NO;
				GCC_NO_COMMON_BLOCKS = YES;
				GCC_OPTIMIZATION_LEVEL = 0;
				GCC_PREPROCESSOR_DEFINITIONS = (
					"DEBUG=1",
					"$(inherited)",
				);
				GCC_WARN_64_TO_32_BIT_CONVERSION = YES;
				GCC_WARN_ABOUT_RETURN_TYPE = YES_ERROR;
				GCC_WARN_UNDECLARED_SELECTOR = YES;
				GCC_WARN_UNINITIALIZED_AUTOS = YES_AGGRESSIVE;
				GCC_WARN_UNUSED_FUNCTION = YES;
				GCC_WARN_UNUSED_VARIABLE = YES;
				IPHONEOS_DEPLOYMENT_TARGET = 11.3;
				MTL_ENABLE_DEBUG_INFO = YES;
				ONLY_ACTIVE_ARCH = YES;
				SDKROOT = iphoneos;
			};
			name = Debug;
		};
		AA97F9B920BE49C9002DEB66 /* Release */ = {
			isa = XCBuildConfiguration;
			buildSettings = {
				ALWAYS_SEARCH_USER_PATHS = NO;
				CLANG_ANALYZER_NONNULL = YES;
				CLANG_ANALYZER_NUMBER_OBJECT_CONVERSION = YES_AGGRESSIVE;
				CLANG_CXX_LANGUAGE_STANDARD = "gnu++14";
				CLANG_CXX_LIBRARY = "libc++";
				CLANG_ENABLE_MODULES = YES;
				CLANG_ENABLE_OBJC_ARC = YES;
				CLANG_ENABLE_OBJC_WEAK = YES;
				CLANG_WARN_BLOCK_CAPTURE_AUTORELEASING = YES;
				CLANG_WARN_BOOL_CONVERSION = YES;
				CLANG_WARN_COMMA = YES;
				CLANG_WARN_CONSTANT_CONVERSION = YES;
				CLANG_WARN_DEPRECATED_OBJC_IMPLEMENTATIONS = YES;
				CLANG_WARN_DIRECT_OBJC_ISA_USAGE = YES_ERROR;
				CLANG_WARN_DOCUMENTATION_COMMENTS = YES;
				CLANG_WARN_EMPTY_BODY = YES;
				CLANG_WARN_ENUM_CONVERSION = YES;
				CLANG_WARN_INFINITE_RECURSION = YES;
				CLANG_WARN_INT_CONVERSION = YES;
				CLANG_WARN_NON_LITERAL_NULL_CONVERSION = YES;
				CLANG_WARN_OBJC_IMPLICIT_RETAIN_SELF = YES;
				CLANG_WARN_OBJC_LITERAL_CONVERSION = YES;
				CLANG_WARN_OBJC_ROOT_CLASS = YES_ERROR;
				CLANG_WARN_RANGE_LOOP_ANALYSIS = YES;
				CLANG_WARN_STRICT_PROTOTYPES = YES;
				CLANG_WARN_SUSPICIOUS_MOVE = YES;
				CLANG_WARN_UNGUARDED_AVAILABILITY = YES_AGGRESSIVE;
				CLANG_WARN_UNREACHABLE_CODE = YES;
				CLANG_WARN__DUPLICATE_METHOD_MATCH = YES;
				CODE_SIGN_IDENTITY = "iPhone Developer";
				COPY_PHASE_STRIP = NO;
				DEBUG_INFORMATION_FORMAT = "dwarf-with-dsym";
				ENABLE_NS_ASSERTIONS = NO;
				ENABLE_STRICT_OBJC_MSGSEND = YES;
				GCC_C_LANGUAGE_STANDARD = gnu11;
				GCC_NO_COMMON_BLOCKS = YES;
				GCC_WARN_64_TO_32_BIT_CONVERSION = YES;
				GCC_WARN_ABOUT_RETURN_TYPE = YES_ERROR;
				GCC_WARN_UNDECLARED_SELECTOR = YES;
				GCC_WARN_UNINITIALIZED_AUTOS = YES_AGGRESSIVE;
				GCC_WARN_UNUSED_FUNCTION = YES;
				GCC_WARN_UNUSED_VARIABLE = YES;
				IPHONEOS_DEPLOYMENT_TARGET = 11.3;
				MTL_ENABLE_DEBUG_INFO = NO;
				SDKROOT = iphoneos;
				VALIDATE_PRODUCT = YES;
			};
			name = Release;
		};
		AA97F9BB20BE49C9002DEB66 /* Debug */ = {
			isa = XCBuildConfiguration;
			buildSettings = {
				ASSETCATALOG_COMPILER_APPICON_NAME = AppIcon;
				CODE_SIGN_STYLE = Automatic;
				DEVELOPMENT_TEAM = Z9UD67WPFX;
				INFOPLIST_FILE = Tutorial08/Info.plist;
				IPHONEOS_DEPLOYMENT_TARGET = 9.0;
				LD_RUNPATH_SEARCH_PATHS = (
					"$(inherited)",
					"@executable_path/Frameworks",
				);
				PRODUCT_BUNDLE_IDENTIFIER = com.mingyuefly.com.Tutorial08;
				PRODUCT_NAME = "$(TARGET_NAME)";
				TARGETED_DEVICE_FAMILY = "1,2";
			};
			name = Debug;
		};
		AA97F9BC20BE49C9002DEB66 /* Release */ = {
			isa = XCBuildConfiguration;
			buildSettings = {
				ASSETCATALOG_COMPILER_APPICON_NAME = AppIcon;
				CODE_SIGN_STYLE = Automatic;
				DEVELOPMENT_TEAM = Z9UD67WPFX;
				INFOPLIST_FILE = Tutorial08/Info.plist;
				IPHONEOS_DEPLOYMENT_TARGET = 9.0;
				LD_RUNPATH_SEARCH_PATHS = (
					"$(inherited)",
					"@executable_path/Frameworks",
				);
				PRODUCT_BUNDLE_IDENTIFIER = com.mingyuefly.com.Tutorial08;
				PRODUCT_NAME = "$(TARGET_NAME)";
				TARGETED_DEVICE_FAMILY = "1,2";
			};
			name = Release;
		};
/* End XCBuildConfiguration section */

/* Begin XCConfigurationList section */
		AA97F99F20BE49C6002DEB66 /* Build configuration list for PBXProject "Tutorial08" */ = {
			isa = XCConfigurationList;
			buildConfigurations = (
				AA97F9B820BE49C9002DEB66 /* Debug */,
				AA97F9B920BE49C9002DEB66 /* Release */,
			);
			defaultConfigurationIsVisible = 0;
			defaultConfigurationName = Release;
		};
		AA97F9BA20BE49C9002DEB66 /* Build configuration list for PBXNativeTarget "Tutorial08" */ = {
			isa = XCConfigurationList;
			buildConfigurations = (
				AA97F9BB20BE49C9002DEB66 /* Debug */,
				AA97F9BC20BE49C9002DEB66 /* Release */,
			);
			defaultConfigurationIsVisible = 0;
			defaultConfigurationName = Release;
		};
/* End XCConfigurationList section */
	};
	rootObject = AA97F99C20BE49C6002DEB66 /* Project object */;
}
