// !$*UTF8*$!
{
	archiveVersion = 1;
	classes = {
	};
	objectVersion = 48;
	objects = {

/* Begin PBXBuildFile section */
		AAD191661FC41B6C0065FC3B /* AppDelegate.m in Sources */ = {isa = PBXBuildFile; fileRef = AAD191651FC41B6C0065FC3B /* AppDelegate.m */; };
		AAD191691FC41B6C0065FC3B /* ViewController.m in Sources */ = {isa = PBXBuildFile; fileRef = AAD191681FC41B6C0065FC3B /* ViewController.m */; };
		AAD1916C1FC41B6C0065FC3B /* Main.storyboard in Resources */ = {isa = PBXBuildFile; fileRef = AAD1916A1FC41B6C0065FC3B /* Main.storyboard */; };
		AAD1916E1FC41B6C0065FC3B /* Assets.xcassets in Resources */ = {isa = PBXBuildFile; fileRef = AAD1916D1FC41B6C0065FC3B /* Assets.xcassets */; };
		AAD191711FC41B6C0065FC3B /* LaunchScreen.storyboard in Resources */ = {isa = PBXBuildFile; fileRef = AAD1916F1FC41B6C0065FC3B /* LaunchScreen.storyboard */; };
		AAD191741FC41B6C0065FC3B /* main.m in Sources */ = {isa = PBXBuildFile; fileRef = AAD191731FC41B6C0065FC3B /* main.m */; };
		AAD1917C1FC41B9D0065FC3B /* OpenGLESView.m in Sources */ = {isa = PBXBuildFile; fileRef = AAD1917B1FC41B9D0065FC3B /* OpenGLESView.m */; };
/* End PBXBuildFile section */

/* Begin PBXFileReference section */
		AAD191611FC41B6C0065FC3B /* Tutorial01.app */ = {isa = PBXFileReference; explicitFileType = wrapper.application; includeInIndex = 0; path = Tutorial01.app; sourceTree = BUILT_PRODUCTS_DIR; };
		AAD191641FC41B6C0065FC3B /* AppDelegate.h */ = {isa = PBXFileReference; lastKnownFileType = sourcecode.c.h; path = AppDelegate.h; sourceTree = "<group>"; };
		AAD191651FC41B6C0065FC3B /* AppDelegate.m */ = {isa = PBXFileReference; lastKnownFileType = sourcecode.c.objc; path = AppDelegate.m; sourceTree = "<group>"; };
		AAD191671FC41B6C0065FC3B /* ViewController.h */ = {isa = PBXFileReference; lastKnownFileType = sourcecode.c.h; path = ViewController.h; sourceTree = "<group>"; };
		AAD191681FC41B6C0065FC3B /* ViewController.m */ = {isa = PBXFileReference; lastKnownFileType = sourcecode.c.objc; path = ViewController.m; sourceTree = "<group>"; };
		AAD1916B1FC41B6C0065FC3B /* Base */ = {isa = PBXFileReference; lastKnownFileType = file.storyboard; name = Base; path = Base.lproj/Main.storyboard; sourceTree = "<group>"; };
		AAD1916D1FC41B6C0065FC3B /* Assets.xcassets */ = {isa = PBXFileReference; lastKnownFileType = folder.assetcatalog; path = Assets.xcassets; sourceTree = "<group>"; };
		AAD191701FC41B6C0065FC3B /* Base */ = {isa = PBXFileReference; lastKnownFileType = file.storyboard; name = Base; path = Base.lproj/LaunchScreen.storyboard; sourceTree = "<group>"; };
		AAD191721FC41B6C0065FC3B /* Info.plist */ = {isa = PBXFileReference; lastKnownFileType = text.plist.xml; path = Info.plist; sourceTree = "<group>"; };
		AAD191731FC41B6C0065FC3B /* main.m */ = {isa = PBXFileReference; lastKnownFileType = sourcecode.c.objc; path = main.m; sourceTree = "<group>"; };
		AAD1917A1FC41B9D0065FC3B /* OpenGLESView.h */ = {isa = PBXFileReference; lastKnownFileType = sourcecode.c.h; path = OpenGLESView.h; sourceTree = "<group>"; };
		AAD1917B1FC41B9D0065FC3B /* OpenGLESView.m */ = {isa = PBXFileReference; lastKnownFileType = sourcecode.c.objc; path = OpenGLESView.m; sourceTree = "<group>"; };
/* End PBXFileReference section */

/* Begin PBXFrameworksBuildPhase section */
		AAD1915E1FC41B6C0065FC3B /* Frameworks */ = {
			isa = PBXFrameworksBuildPhase;
			buildActionMask = 2147483647;
			files = (
			);
			runOnlyForDeploymentPostprocessing = 0;
		};
/* End PBXFrameworksBuildPhase section */

/* Begin PBXGroup section */
		AAD191581FC41B6C0065FC3B = {
			isa = PBXGroup;
			children = (
				AAD191631FC41B6C0065FC3B /* Tutorial01 */,
				AAD191621FC41B6C0065FC3B /* Products */,
			);
			sourceTree = "<group>";
		};
		AAD191621FC41B6C0065FC3B /* Products */ = {
			isa = PBXGroup;
			children = (
				AAD191611FC41B6C0065FC3B /* Tutorial01.app */,
			);
			name = Products;
			sourceTree = "<group>";
		};
		AAD191631FC41B6C0065FC3B /* Tutorial01 */ = {
			isa = PBXGroup;
			children = (
				AAD191641FC41B6C0065FC3B /* AppDelegate.h */,
				AAD191651FC41B6C0065FC3B /* AppDelegate.m */,
				AAD191671FC41B6C0065FC3B /* ViewController.h */,
				AAD191681FC41B6C0065FC3B /* ViewController.m */,
				AAD1917A1FC41B9D0065FC3B /* OpenGLESView.h */,
				AAD1917B1FC41B9D0065FC3B /* OpenGLESView.m */,
				AAD1916A1FC41B6C0065FC3B /* Main.storyboard */,
				AAD1916D1FC41B6C0065FC3B /* Assets.xcassets */,
				AAD1916F1FC41B6C0065FC3B /* LaunchScreen.storyboard */,
				AAD191721FC41B6C0065FC3B /* Info.plist */,
				AAD191731FC41B6C0065FC3B /* main.m */,
			);
			path = Tutorial01;
			sourceTree = "<group>";
		};
/* End PBXGroup section */

/* Begin PBXNativeTarget section */
		AAD191601FC41B6C0065FC3B /* Tutorial01 */ = {
			isa = PBXNativeTarget;
			buildConfigurationList = AAD191771FC41B6C0065FC3B /* Build configuration list for PBXNativeTarget "Tutorial01" */;
			buildPhases = (
				AAD1915D1FC41B6C0065FC3B /* Sources */,
				AAD1915E1FC41B6C0065FC3B /* Frameworks */,
				AAD1915F1FC41B6C0065FC3B /* Resources */,
			);
			buildRules = (
			);
			dependencies = (
			);
			name = Tutorial01;
			productName = Tutorial01;
			productReference = AAD191611FC41B6C0065FC3B /* Tutorial01.app */;
			productType = "com.apple.product-type.application";
		};
/* End PBXNativeTarget section */

/* Begin PBXProject section */
		AAD191591FC41B6C0065FC3B /* Project object */ = {
			isa = PBXProject;
			attributes = {
				LastUpgradeCheck = 0910;
				ORGANIZATIONNAME = guomingyue;
				TargetAttributes = {
					AAD191601FC41B6C0065FC3B = {
						CreatedOnToolsVersion = 9.1;
						ProvisioningStyle = Automatic;
					};
				};
			};
			buildConfigurationList = AAD1915C1FC41B6C0065FC3B /* Build configuration list for PBXProject "Tutorial01" */;
			compatibilityVersion = "Xcode 8.0";
			developmentRegion = en;
			hasScannedForEncodings = 0;
			knownRegions = (
				en,
				Base,
			);
			mainGroup = AAD191581FC41B6C0065FC3B;
			productRefGroup = AAD191621FC41B6C0065FC3B /* Products */;
			projectDirPath = "";
			projectRoot = "";
			targets = (
				AAD191601FC41B6C0065FC3B /* Tutorial01 */,
			);
		};
/* End PBXProject section */

/* Begin PBXResourcesBuildPhase section */
		AAD1915F1FC41B6C0065FC3B /* Resources */ = {
			isa = PBXResourcesBuildPhase;
			buildActionMask = 2147483647;
			files = (
				AAD191711FC41B6C0065FC3B /* LaunchScreen.storyboard in Resources */,
				AAD1916E1FC41B6C0065FC3B /* Assets.xcassets in Resources */,
				AAD1916C1FC41B6C0065FC3B /* Main.storyboard in Resources */,
			);
			runOnlyForDeploymentPostprocessing = 0;
		};
/* End PBXResourcesBuildPhase section */

/* Begin PBXSourcesBuildPhase section */
		AAD1915D1FC41B6C0065FC3B /* Sources */ = {
			isa = PBXSourcesBuildPhase;
			buildActionMask = 2147483647;
			files = (
				AAD191691FC41B6C0065FC3B /* ViewController.m in Sources */,
				AAD1917C1FC41B9D0065FC3B /* OpenGLESView.m in Sources */,
				AAD191741FC41B6C0065FC3B /* main.m in Sources */,
				AAD191661FC41B6C0065FC3B /* AppDelegate.m in Sources */,
			);
			runOnlyForDeploymentPostprocessing = 0;
		};
/* End PBXSourcesBuildPhase section */

/* Begin PBXVariantGroup section */
		AAD1916A1FC41B6C0065FC3B /* Main.storyboard */ = {
			isa = PBXVariantGroup;
			children = (
				AAD1916B1FC41B6C0065FC3B /* Base */,
			);
			name = Main.storyboard;
			sourceTree = "<group>";
		};
		AAD1916F1FC41B6C0065FC3B /* LaunchScreen.storyboard */ = {
			isa = PBXVariantGroup;
			children = (
				AAD191701FC41B6C0065FC3B /* Base */,
			);
			name = LaunchScreen.storyboard;
			sourceTree = "<group>";
		};
/* End PBXVariantGroup section */

/* Begin XCBuildConfiguration section */
		AAD191751FC41B6C0065FC3B /* Debug */ = {
			isa = XCBuildConfiguration;
			buildSettings = {
				ALWAYS_SEARCH_USER_PATHS = NO;
				CLANG_ANALYZER_NONNULL = YES;
				CLANG_ANALYZER_NUMBER_OBJECT_CONVERSION = YES_AGGRESSIVE;
				CLANG_CXX_LANGUAGE_STANDARD = "gnu++14";
				CLANG_CXX_LIBRARY = "libc++";
				CLANG_ENABLE_MODULES = YES;
				CLANG_ENABLE_OBJC_ARC = YES;
				CLANG_WARN_BLOCK_CAPTURE_AUTORELEASING = YES;
				CLANG_WARN_BOOL_CONVERSION = YES;
				CLANG_WARN_COMMA = YES;
				CLANG_WARN_CONSTANT_CONVERSION = YES;
				CLANG_WARN_DIRECT_OBJC_ISA_USAGE = YES_ERROR;
				CLANG_WARN_DOCUMENTATION_COMMENTS = YES;
				CLANG_WARN_EMPTY_BODY = YES;
				CLANG_WARN_ENUM_CONVERSION = YES;
				CLANG_WARN_INFINITE_RECURSION = YES;
				CLANG_WARN_INT_CONVERSION = YES;
				CLANG_WARN_NON_LITERAL_NULL_CONVERSION = YES;
				CLANG_WARN_OBJC_LITERAL_CONVERSION = YES;
				CLANG_WARN_OBJC_ROOT_CLASS = YES_ERROR;
				CLANG_WARN_RANGE_LOOP_ANALYSIS = YES;
				CLANG_WARN_STRICT_PROTOTYPES = YES;
				CLANG_WARN_SUSPICIOUS_MOVE = YES;
				CLANG_WARN_UNGUARDED_AVAILABILITY = YES_AGGRESSIVE;
				CLANG_WARN_UNREACHABLE_CODE = YES;
				CLANG_WARN__DUPLICATE_METHOD_MATCH = YES;
				CODE_SIGN_IDENTITY = "iPhone Developer";
				COPY_PHASE_STRIP = NO;
				DEBUG_INFORMATION_FORMAT = dwarf;
				ENABLE_STRICT_OBJC_MSGSEND = YES;
				ENABLE_TESTABILITY = YES;
				GCC_C_LANGUAGE_STANDARD = gnu11;
				GCC_DYNAMIC_NO_PIC = NO;
				GCC_NO_COMMON_BLOCKS = YES;
				GCC_OPTIMIZATION_LEVEL = 0;
				GCC_PREPROCESSOR_DEFINITIONS = (
					"DEBUG=1",
					"$(inherited)",
				);
				GCC_WARN_64_TO_32_BIT_CONVERSION = YES;
				GCC_WARN_ABOUT_RETURN_TYPE = YES_ERROR;
				GCC_WARN_UNDECLARED_SELECTOR = YES;
				GCC_WARN_UNINITIALIZED_AUTOS = YES_AGGRESSIVE;
				GCC_WARN_UNUSED_FUNCTION = YES;
				GCC_WARN_UNUSED_VARIABLE = YES;
				IPHONEOS_DEPLOYMENT_TARGET = 11.1;
				MTL_ENABLE_DEBUG_INFO = YES;
				ONLY_ACTIVE_ARCH = YES;
				SDKROOT = iphoneos;
			};
			name = Debug;
		};
		AAD191761FC41B6C0065FC3B /* Release */ = {
			isa = XCBuildConfiguration;
			buildSettings = {
				ALWAYS_SEARCH_USER_PATHS = NO;
				CLANG_ANALYZER_NONNULL = YES;
				CLANG_ANALYZER_NUMBER_OBJECT_CONVERSION = YES_AGGRESSIVE;
				CLANG_CXX_LANGUAGE_STANDARD = "gnu++14";
				CLANG_CXX_LIBRARY = "libc++";
				CLANG_ENABLE_MODULES = YES;
				CLANG_ENABLE_OBJC_ARC = YES;
				CLANG_WARN_BLOCK_CAPTURE_AUTORELEASING = YES;
				CLANG_WARN_BOOL_CONVERSION = YES;
				CLANG_WARN_COMMA = YES;
				CLANG_WARN_CONSTANT_CONVERSION = YES;
				CLANG_WARN_DIRECT_OBJC_ISA_USAGE = YES_ERROR;
				CLANG_WARN_DOCUMENTATION_COMMENTS = YES;
				CLANG_WARN_EMPTY_BODY = YES;
				CLANG_WARN_ENUM_CONVERSION = YES;
				CLANG_WARN_INFINITE_RECURSION = YES;
				CLANG_WARN_INT_CONVERSION = YES;
				CLANG_WARN_NON_LITERAL_NULL_CONVERSION = YES;
				CLANG_WARN_OBJC_LITERAL_CONVERSION = YES;
				CLANG_WARN_OBJC_ROOT_CLASS = YES_ERROR;
				CLANG_WARN_RANGE_LOOP_ANALYSIS = YES;
				CLANG_WARN_STRICT_PROTOTYPES = YES;
				CLANG_WARN_SUSPICIOUS_MOVE = YES;
				CLANG_WARN_UNGUARDED_AVAILABILITY = YES_AGGRESSIVE;
				CLANG_WARN_UNREACHABLE_CODE = YES;
				CLANG_WARN__DUPLICATE_METHOD_MATCH = YES;
				CODE_SIGN_IDENTITY = "iPhone Developer";
				COPY_PHASE_STRIP = NO;
				DEBUG_INFORMATION_FORMAT = "dwarf-with-dsym";
				ENABLE_NS_ASSERTIONS = NO;
				ENABLE_STRICT_OBJC_MSGSEND = YES;
				GCC_C_LANGUAGE_STANDARD = gnu11;
				GCC_NO_COMMON_BLOCKS = YES;
				GCC_WARN_64_TO_32_BIT_CONVERSION = YES;
				GCC_WARN_ABOUT_RETURN_TYPE = YES_ERROR;
				GCC_WARN_UNDECLARED_SELECTOR = YES;
				GCC_WARN_UNINITIALIZED_AUTOS = YES_AGGRESSIVE;
				GCC_WARN_UNUSED_FUNCTION = YES;
				GCC_WARN_UNUSED_VARIABLE = YES;
				IPHONEOS_DEPLOYMENT_TARGET = 11.1;
				MTL_ENABLE_DEBUG_INFO = NO;
				SDKROOT = iphoneos;
				VALIDATE_PRODUCT = YES;
			};
			name = Release;
		};
		AAD191781FC41B6C0065FC3B /* Debug */ = {
			isa = XCBuildConfiguration;
			buildSettings = {
				ASSETCATALOG_COMPILER_APPICON_NAME = AppIcon;
				CODE_SIGN_STYLE = Automatic;
				DEVELOPMENT_TEAM = Z9UD67WPFX;
				INFOPLIST_FILE = Tutorial01/Info.plist;
				IPHONEOS_DEPLOYMENT_TARGET = 9.0;
				LD_RUNPATH_SEARCH_PATHS = "$(inherited) @executable_path/Frameworks";
				PRODUCT_BUNDLE_IDENTIFIER = www.gomefinance.com.cn.Tutorial01;
				PRODUCT_NAME = "$(TARGET_NAME)";
				TARGETED_DEVICE_FAMILY = "1,2";
			};
			name = Debug;
		};
		AAD191791FC41B6C0065FC3B /* Release */ = {
			isa = XCBuildConfiguration;
			buildSettings = {
				ASSETCATALOG_COMPILER_APPICON_NAME = AppIcon;
				CODE_SIGN_STYLE = Automatic;
				DEVELOPMENT_TEAM = Z9UD67WPFX;
				INFOPLIST_FILE = Tutorial01/Info.plist;
				IPHONEOS_DEPLOYMENT_TARGET = 9.0;
				LD_RUNPATH_SEARCH_PATHS = "$(inherited) @executable_path/Frameworks";
				PRODUCT_BUNDLE_IDENTIFIER = www.gomefinance.com.cn.Tutorial01;
				PRODUCT_NAME = "$(TARGET_NAME)";
				TARGETED_DEVICE_FAMILY = "1,2";
			};
			name = Release;
		};
/* End XCBuildConfiguration section */

/* Begin XCConfigurationList section */
		AAD1915C1FC41B6C0065FC3B /* Build configuration list for PBXProject "Tutorial01" */ = {
			isa = XCConfigurationList;
			buildConfigurations = (
				AAD191751FC41B6C0065FC3B /* Debug */,
				AAD191761FC41B6C0065FC3B /* Release */,
			);
			defaultConfigurationIsVisible = 0;
			defaultConfigurationName = Release;
		};
		AAD191771FC41B6C0065FC3B /* Build configuration list for PBXNativeTarget "Tutorial01" */ = {
			isa = XCConfigurationList;
			buildConfigurations = (
				AAD191781FC41B6C0065FC3B /* Debug */,
				AAD191791FC41B6C0065FC3B /* Release */,
			);
			defaultConfigurationIsVisible = 0;
			defaultConfigurationName = Release;
		};
/* End XCConfigurationList section */
	};
	rootObject = AAD191591FC41B6C0065FC3B /* Project object */;
}
